// !$*UTF8*$!
{
	archiveVersion = 1;
	classes = {
	};
	objectVersion = 48;
	objects = {

/* Begin PBXBuildFile section */
		6D2FE00D20BFCCC800D4E3E6 /* AppDelegate.swift in Sources */ = {isa = PBXBuildFile; fileRef = 6D2FE00C20BFCCC800D4E3E6 /* AppDelegate.swift */; };
		6D2FE01520BFCCC800D4E3E6 /* GameViewController.swift in Sources */ = {isa = PBXBuildFile; fileRef = 6D2FE01420BFCCC800D4E3E6 /* GameViewController.swift */; };
		6D2FE01820BFCCC800D4E3E6 /* Main.storyboard in Resources */ = {isa = PBXBuildFile; fileRef = 6D2FE01620BFCCC800D4E3E6 /* Main.storyboard */; };
		6D2FE01A20BFCCC800D4E3E6 /* Assets.xcassets in Resources */ = {isa = PBXBuildFile; fileRef = 6D2FE01920BFCCC800D4E3E6 /* Assets.xcassets */; };
		6D2FE01D20BFCCC800D4E3E6 /* LaunchScreen.storyboard in Resources */ = {isa = PBXBuildFile; fileRef = 6D2FE01B20BFCCC800D4E3E6 /* LaunchScreen.storyboard */; };
		6DFD9D9920BFD41800D8AA16 /* GameScene.swift in Sources */ = {isa = PBXBuildFile; fileRef = 6DFD9D9820BFD41800D8AA16 /* GameScene.swift */; };
		6DFD9D9B20BFE91000D8AA16 /* back.psd in Resources */ = {isa = PBXBuildFile; fileRef = 6DFD9D9A20BFE91000D8AA16 /* back.psd */; };
		6DFD9DA020BFEA6300D8AA16 /* lights.png in Resources */ = {isa = PBXBuildFile; fileRef = 6DFD9D9C20BFEA6200D8AA16 /* lights.png */; };
		6DFD9DA120BFEA6300D8AA16 /* midt.png in Resources */ = {isa = PBXBuildFile; fileRef = 6DFD9D9D20BFEA6300D8AA16 /* midt.png */; };
		6DFD9DA220BFEA6300D8AA16 /* frontT.png in Resources */ = {isa = PBXBuildFile; fileRef = 6DFD9D9E20BFEA6300D8AA16 /* frontT.png */; };
		6DFD9DA320BFEA6300D8AA16 /* backT.png in Resources */ = {isa = PBXBuildFile; fileRef = 6DFD9D9F20BFEA6300D8AA16 /* backT.png */; };
		6DFD9DA520BFEB6500D8AA16 /* ball.png in Resources */ = {isa = PBXBuildFile; fileRef = 6DFD9DA420BFEB6500D8AA16 /* ball.png */; };
		6DFD9DA720BFF39C00D8AA16 /* circle.png in Resources */ = {isa = PBXBuildFile; fileRef = 6DFD9DA620BFF39C00D8AA16 /* circle.png */; };
		6DFD9DA920BFF3AB00D8AA16 /* squar.png in Resources */ = {isa = PBXBuildFile; fileRef = 6DFD9DA820BFF3AB00D8AA16 /* squar.png */; };
/* End PBXBuildFile section */

/* Begin PBXFileReference section */
		6D2FE00920BFCCC800D4E3E6 /* Lec12.app */ = {isa = PBXFileReference; explicitFileType = wrapper.application; includeInIndex = 0; path = Lec12.app; sourceTree = BUILT_PRODUCTS_DIR; };
		6D2FE00C20BFCCC800D4E3E6 /* AppDelegate.swift */ = {isa = PBXFileReference; lastKnownFileType = sourcecode.swift; path = AppDelegate.swift; sourceTree = "<group>"; };
		6D2FE01420BFCCC800D4E3E6 /* GameViewController.swift */ = {isa = PBXFileReference; lastKnownFileType = sourcecode.swift; path = GameViewController.swift; sourceTree = "<group>"; };
		6D2FE01720BFCCC800D4E3E6 /* Base */ = {isa = PBXFileReference; lastKnownFileType = file.storyboard; name = Base; path = Base.lproj/Main.storyboard; sourceTree = "<group>"; };
		6D2FE01920BFCCC800D4E3E6 /* Assets.xcassets */ = {isa = PBXFileReference; lastKnownFileType = folder.assetcatalog; path = Assets.xcassets; sourceTree = "<group>"; };
		6D2FE01C20BFCCC800D4E3E6 /* Base */ = {isa = PBXFileReference; lastKnownFileType = file.storyboard; name = Base; path = Base.lproj/LaunchScreen.storyboard; sourceTree = "<group>"; };
		6D2FE01E20BFCCC800D4E3E6 /* Info.plist */ = {isa = PBXFileReference; lastKnownFileType = text.plist.xml; path = Info.plist; sourceTree = "<group>"; };
		6DFD9D9820BFD41800D8AA16 /* GameScene.swift */ = {isa = PBXFileReference; lastKnownFileType = sourcecode.swift; path = GameScene.swift; sourceTree = "<group>"; };
		6DFD9D9A20BFE91000D8AA16 /* back.psd */ = {isa = PBXFileReference; lastKnownFileType = file; path = back.psd; sourceTree = "<group>"; };
		6DFD9D9C20BFEA6200D8AA16 /* lights.png */ = {isa = PBXFileReference; lastKnownFileType = image.png; path = lights.png; sourceTree = "<group>"; };
		6DFD9D9D20BFEA6300D8AA16 /* midt.png */ = {isa = PBXFileReference; lastKnownFileType = image.png; path = midt.png; sourceTree = "<group>"; };
		6DFD9D9E20BFEA6300D8AA16 /* frontT.png */ = {isa = PBXFileReference; lastKnownFileType = image.png; path = frontT.png; sourceTree = "<group>"; };
		6DFD9D9F20BFEA6300D8AA16 /* backT.png */ = {isa = PBXFileReference; lastKnownFileType = image.png; path = backT.png; sourceTree = "<group>"; };
		6DFD9DA420BFEB6500D8AA16 /* ball.png */ = {isa = PBXFileReference; lastKnownFileType = image.png; path = ball.png; sourceTree = "<group>"; };
		6DFD9DA620BFF39C00D8AA16 /* circle.png */ = {isa = PBXFileReference; lastKnownFileType = image.png; path = circle.png; sourceTree = "<group>"; };
		6DFD9DA820BFF3AB00D8AA16 /* squar.png */ = {isa = PBXFileReference; lastKnownFileType = image.png; path = squar.png; sourceTree = "<group>"; };
/* End PBXFileReference section */

/* Begin PBXFrameworksBuildPhase section */
		6D2FE00620BFCCC800D4E3E6 /* Frameworks */ = {
			isa = PBXFrameworksBuildPhase;
			buildActionMask = 2147483647;
			files = (
			);
			runOnlyForDeploymentPostprocessing = 0;
		};
/* End PBXFrameworksBuildPhase section */

/* Begin PBXGroup section */
		6D2FE00020BFCCC800D4E3E6 = {
			isa = PBXGroup;
			children = (
				6D2FE00B20BFCCC800D4E3E6 /* Lec12 */,
				6D2FE00A20BFCCC800D4E3E6 /* Products */,
			);
			sourceTree = "<group>";
		};
		6D2FE00A20BFCCC800D4E3E6 /* Products */ = {
			isa = PBXGroup;
			children = (
				6D2FE00920BFCCC800D4E3E6 /* Lec12.app */,
			);
			name = Products;
			sourceTree = "<group>";
		};
		6D2FE00B20BFCCC800D4E3E6 /* Lec12 */ = {
			isa = PBXGroup;
			children = (
				6DFD9DA820BFF3AB00D8AA16 /* squar.png */,
				6DFD9DA620BFF39C00D8AA16 /* circle.png */,
				6DFD9DA420BFEB6500D8AA16 /* ball.png */,
				6DFD9D9F20BFEA6300D8AA16 /* backT.png */,
				6DFD9D9E20BFEA6300D8AA16 /* frontT.png */,
				6DFD9D9C20BFEA6200D8AA16 /* lights.png */,
				6DFD9D9D20BFEA6300D8AA16 /* midt.png */,
				6DFD9D9A20BFE91000D8AA16 /* back.psd */,
				6D2FE00C20BFCCC800D4E3E6 /* AppDelegate.swift */,
				6D2FE01420BFCCC800D4E3E6 /* GameViewController.swift */,
				6D2FE01620BFCCC800D4E3E6 /* Main.storyboard */,
				6D2FE01920BFCCC800D4E3E6 /* Assets.xcassets */,
				6D2FE01B20BFCCC800D4E3E6 /* LaunchScreen.storyboard */,
				6D2FE01E20BFCCC800D4E3E6 /* Info.plist */,
				6DFD9D9820BFD41800D8AA16 /* GameScene.swift */,
			);
			path = Lec12;
			sourceTree = "<group>";
		};
/* End PBXGroup section */

/* Begin PBXNativeTarget section */
		6D2FE00820BFCCC800D4E3E6 /* Lec12 */ = {
			isa = PBXNativeTarget;
			buildConfigurationList = 6D2FE02120BFCCC800D4E3E6 /* Build configuration list for PBXNativeTarget "Lec12" */;
			buildPhases = (
				6D2FE00520BFCCC800D4E3E6 /* Sources */,
				6D2FE00620BFCCC800D4E3E6 /* Frameworks */,
				6D2FE00720BFCCC800D4E3E6 /* Resources */,
			);
			buildRules = (
			);
			dependencies = (
			);
			name = Lec12;
			productName = Lec12;
			productReference = 6D2FE00920BFCCC800D4E3E6 /* Lec12.app */;
			productType = "com.apple.product-type.application";
		};
/* End PBXNativeTarget section */

/* Begin PBXProject section */
		6D2FE00120BFCCC800D4E3E6 /* Project object */ = {
			isa = PBXProject;
			attributes = {
				LastSwiftUpdateCheck = 0900;
				LastUpgradeCheck = 0900;
				ORGANIZATIONNAME = student.roey.honig;
				TargetAttributes = {
					6D2FE00820BFCCC800D4E3E6 = {
						CreatedOnToolsVersion = 9.0.1;
						ProvisioningStyle = Automatic;
					};
				};
			};
			buildConfigurationList = 6D2FE00420BFCCC800D4E3E6 /* Build configuration list for PBXProject "Lec12" */;
			compatibilityVersion = "Xcode 8.0";
			developmentRegion = en;
			hasScannedForEncodings = 0;
			knownRegions = (
				en,
				Base,
			);
			mainGroup = 6D2FE00020BFCCC800D4E3E6;
			productRefGroup = 6D2FE00A20BFCCC800D4E3E6 /* Products */;
			projectDirPath = "";
			projectRoot = "";
			targets = (
				6D2FE00820BFCCC800D4E3E6 /* Lec12 */,
			);
		};
/* End PBXProject section */

/* Begin PBXResourcesBuildPhase section */
		6D2FE00720BFCCC800D4E3E6 /* Resources */ = {
			isa = PBXResourcesBuildPhase;
			buildActionMask = 2147483647;
			files = (
				6DFD9DA120BFEA6300D8AA16 /* midt.png in Resources */,
				6DFD9DA020BFEA6300D8AA16 /* lights.png in Resources */,
				6DFD9DA520BFEB6500D8AA16 /* ball.png in Resources */,
				6D2FE01820BFCCC800D4E3E6 /* Main.storyboard in Resources */,
				6DFD9D9B20BFE91000D8AA16 /* back.psd in Resources */,
				6DFD9DA920BFF3AB00D8AA16 /* squar.png in Resources */,
				6DFD9DA320BFEA6300D8AA16 /* backT.png in Resources */,
				6DFD9DA220BFEA6300D8AA16 /* frontT.png in Resources */,
				6DFD9DA720BFF39C00D8AA16 /* circle.png in Resources */,
				6D2FE01A20BFCCC800D4E3E6 /* Assets.xcassets in Resources */,
				6D2FE01D20BFCCC800D4E3E6 /* LaunchScreen.storyboard in Resources */,
			);
			runOnlyForDeploymentPostprocessing = 0;
		};
/* End PBXResourcesBuildPhase section */

/* Begin PBXSourcesBuildPhase section */
		6D2FE00520BFCCC800D4E3E6 /* Sources */ = {
			isa = PBXSourcesBuildPhase;
			buildActionMask = 2147483647;
			files = (
				6DFD9D9920BFD41800D8AA16 /* GameScene.swift in Sources */,
				6D2FE01520BFCCC800D4E3E6 /* GameViewController.swift in Sources */,
				6D2FE00D20BFCCC800D4E3E6 /* AppDelegate.swift in Sources */,
			);
			runOnlyForDeploymentPostprocessing = 0;
		};
/* End PBXSourcesBuildPhase section */

/* Begin PBXVariantGroup section */
		6D2FE01620BFCCC800D4E3E6 /* Main.storyboard */ = {
			isa = PBXVariantGroup;
			children = (
				6D2FE01720BFCCC800D4E3E6 /* Base */,
			);
			name = Main.storyboard;
			sourceTree = "<group>";
		};
		6D2FE01B20BFCCC800D4E3E6 /* LaunchScreen.storyboard */ = {
			isa = PBXVariantGroup;
			children = (
				6D2FE01C20BFCCC800D4E3E6 /* Base */,
			);
			name = LaunchScreen.storyboard;
			sourceTree = "<group>";
		};
/* End PBXVariantGroup section */

/* Begin XCBuildConfiguration section */
		6D2FE01F20BFCCC800D4E3E6 /* Debug */ = {
			isa = XCBuildConfiguration;
			buildSettings = {
				ALWAYS_SEARCH_USER_PATHS = NO;
				CLANG_ANALYZER_NONNULL = YES;
				CLANG_ANALYZER_NUMBER_OBJECT_CONVERSION = YES_AGGRESSIVE;
				CLANG_CXX_LANGUAGE_STANDARD = "gnu++14";
				CLANG_CXX_LIBRARY = "libc++";
				CLANG_ENABLE_MODULES = YES;
				CLANG_ENABLE_OBJC_ARC = YES;
				CLANG_WARN_BLOCK_CAPTURE_AUTORELEASING = YES;
				CLANG_WARN_BOOL_CONVERSION = YES;
				CLANG_WARN_COMMA = YES;
				CLANG_WARN_CONSTANT_CONVERSION = YES;
				CLANG_WARN_DIRECT_OBJC_ISA_USAGE = YES_ERROR;
				CLANG_WARN_DOCUMENTATION_COMMENTS = YES;
				CLANG_WARN_EMPTY_BODY = YES;
				CLANG_WARN_ENUM_CONVERSION = YES;
				CLANG_WARN_INFINITE_RECURSION = YES;
				CLANG_WARN_INT_CONVERSION = YES;
				CLANG_WARN_NON_LITERAL_NULL_CONVERSION = YES;
				CLANG_WARN_OBJC_LITERAL_CONVERSION = YES;
				CLANG_WARN_OBJC_ROOT_CLASS = YES_ERROR;
				CLANG_WARN_RANGE_LOOP_ANALYSIS = YES;
				CLANG_WARN_STRICT_PROTOTYPES = YES;
				CLANG_WARN_SUSPICIOUS_MOVE = YES;
				CLANG_WARN_UNGUARDED_AVAILABILITY = YES_AGGRESSIVE;
				CLANG_WARN_UNREACHABLE_CODE = YES;
				CLANG_WARN__DUPLICATE_METHOD_MATCH = YES;
				CODE_SIGN_IDENTITY = "iPhone Developer";
				COPY_PHASE_STRIP = NO;
				DEBUG_INFORMATION_FORMAT = dwarf;
				ENABLE_STRICT_OBJC_MSGSEND = YES;
				ENABLE_TESTABILITY = YES;
				GCC_C_LANGUAGE_STANDARD = gnu11;
				GCC_DYNAMIC_NO_PIC = NO;
				GCC_NO_COMMON_BLOCKS = YES;
				GCC_OPTIMIZATION_LEVEL = 0;
				GCC_PREPROCESSOR_DEFINITIONS = (
					"DEBUG=1",
					"$(inherited)",
				);
				GCC_WARN_64_TO_32_BIT_CONVERSION = YES;
				GCC_WARN_ABOUT_RETURN_TYPE = YES_ERROR;
				GCC_WARN_UNDECLARED_SELECTOR = YES;
				GCC_WARN_UNINITIALIZED_AUTOS = YES_AGGRESSIVE;
				GCC_WARN_UNUSED_FUNCTION = YES;
				GCC_WARN_UNUSED_VARIABLE = YES;
				IPHONEOS_DEPLOYMENT_TARGET = 11.0;
				MTL_ENABLE_DEBUG_INFO = YES;
				ONLY_ACTIVE_ARCH = YES;
				SDKROOT = iphoneos;
				SWIFT_ACTIVE_COMPILATION_CONDITIONS = DEBUG;
				SWIFT_OPTIMIZATION_LEVEL = "-Onone";
			};
			name = Debug;
		};
		6D2FE02020BFCCC800D4E3E6 /* Release */ = {
			isa = XCBuildConfiguration;
			buildSettings = {
				ALWAYS_SEARCH_USER_PATHS = NO;
				CLANG_ANALYZER_NONNULL = YES;
				CLANG_ANALYZER_NUMBER_OBJECT_CONVERSION = YES_AGGRESSIVE;
				CLANG_CXX_LANGUAGE_STANDARD = "gnu++14";
				CLANG_CXX_LIBRARY = "libc++";
				CLANG_ENABLE_MODULES = YES;
				CLANG_ENABLE_OBJC_ARC = YES;
				CLANG_WARN_BLOCK_CAPTURE_AUTORELEASING = YES;
				CLANG_WARN_BOOL_CONVERSION = YES;
				CLANG_WARN_COMMA = YES;
				CLANG_WARN_CONSTANT_CONVERSION = YES;
				CLANG_WARN_DIRECT_OBJC_ISA_USAGE = YES_ERROR;
				CLANG_WARN_DOCUMENTATION_COMMENTS = YES;
				CLANG_WARN_EMPTY_BODY = YES;
				CLANG_WARN_ENUM_CONVERSION = YES;
				CLANG_WARN_INFINITE_RECURSION = YES;
				CLANG_WARN_INT_CONVERSION = YES;
				CLANG_WARN_NON_LITERAL_NULL_CONVERSION = YES;
				CLANG_WARN_OBJC_LITERAL_CONVERSION = YES;
				CLANG_WARN_OBJC_ROOT_CLASS = YES_ERROR;
				CLANG_WARN_RANGE_LOOP_ANALYSIS = YES;
				CLANG_WARN_STRICT_PROTOTYPES = YES;
				CLANG_WARN_SUSPICIOUS_MOVE = YES;
				CLANG_WARN_UNGUARDED_AVAILABILITY = YES_AGGRESSIVE;
				CLANG_WARN_UNREACHABLE_CODE = YES;
				CLANG_WARN__DUPLICATE_METHOD_MATCH = YES;
				CODE_SIGN_IDENTITY = "iPhone Developer";
				COPY_PHASE_STRIP = NO;
				DEBUG_INFORMATION_FORMAT = "dwarf-with-dsym";
				ENABLE_NS_ASSERTIONS = NO;
				ENABLE_STRICT_OBJC_MSGSEND = YES;
				GCC_C_LANGUAGE_STANDARD = gnu11;
				GCC_NO_COMMON_BLOCKS = YES;
				GCC_WARN_64_TO_32_BIT_CONVERSION = YES;
				GCC_WARN_ABOUT_RETURN_TYPE = YES_ERROR;
				GCC_WARN_UNDECLARED_SELECTOR = YES;
				GCC_WARN_UNINITIALIZED_AUTOS = YES_AGGRESSIVE;
				GCC_WARN_UNUSED_FUNCTION = YES;
				GCC_WARN_UNUSED_VARIABLE = YES;
				IPHONEOS_DEPLOYMENT_TARGET = 11.0;
				MTL_ENABLE_DEBUG_INFO = NO;
				SDKROOT = iphoneos;
				SWIFT_OPTIMIZATION_LEVEL = "-Owholemodule";
				VALIDATE_PRODUCT = YES;
			};
			name = Release;
		};
		6D2FE02220BFCCC800D4E3E6 /* Debug */ = {
			isa = XCBuildConfiguration;
			buildSettings = {
				ASSETCATALOG_COMPILER_APPICON_NAME = AppIcon;
				CODE_SIGN_STYLE = Automatic;
				DEVELOPMENT_TEAM = GA3LC47ZM3;
				INFOPLIST_FILE = Lec12/Info.plist;
				IPHONEOS_DEPLOYMENT_TARGET = 10.0;
				LD_RUNPATH_SEARCH_PATHS = "$(inherited) @executable_path/Frameworks";
				PRODUCT_BUNDLE_IDENTIFIER = student.roey.honig.Lec12;
				PRODUCT_NAME = "$(TARGET_NAME)";
				SWIFT_VERSION = 4.0;
				TARGETED_DEVICE_FAMILY = "1,2";
			};
			name = Debug;
		};
		6D2FE02320BFCCC800D4E3E6 /* Release */ = {
			isa = XCBuildConfiguration;
			buildSettings = {
				ASSETCATALOG_COMPILER_APPICON_NAME = AppIcon;
				CODE_SIGN_STYLE = Automatic;
				DEVELOPMENT_TEAM = GA3LC47ZM3;
				INFOPLIST_FILE = Lec12/Info.plist;
				IPHONEOS_DEPLOYMENT_TARGET = 10.0;
				LD_RUNPATH_SEARCH_PATHS = "$(inherited) @executable_path/Frameworks";
				PRODUCT_BUNDLE_IDENTIFIER = student.roey.honig.Lec12;
				PRODUCT_NAME = "$(TARGET_NAME)";
				SWIFT_VERSION = 4.0;
				TARGETED_DEVICE_FAMILY = "1,2";
			};
			name = Release;
		};
/* End XCBuildConfiguration section */

/* Begin XCConfigurationList section */
		6D2FE00420BFCCC800D4E3E6 /* Build configuration list for PBXProject "Lec12" */ = {
			isa = XCConfigurationList;
			buildConfigurations = (
				6D2FE01F20BFCCC800D4E3E6 /* Debug */,
				6D2FE02020BFCCC800D4E3E6 /* Release */,
			);
			defaultConfigurationIsVisible = 0;
			defaultConfigurationName = Release;
		};
		6D2FE02120BFCCC800D4E3E6 /* Build configuration list for PBXNativeTarget "Lec12" */ = {
			isa = XCConfigurationList;
			buildConfigurations = (
				6D2FE02220BFCCC800D4E3E6 /* Debug */,
				6D2FE02320BFCCC800D4E3E6 /* Release */,
			);
			defaultConfigurationIsVisible = 0;
			defaultConfigurationName = Release;
		};
/* End XCConfigurationList section */
	};
	rootObject = 6D2FE00120BFCCC800D4E3E6 /* Project object */;
}
